
Microsoft Visual Studio Solution File, Format Version 12.00
# Visual Studio 2013
VisualStudioVersion = 12.0.31101.0
MinimumVisualStudioVersion = 10.0.40219.1
Project("{FAE04EC0-301F-11D3-BF4B-00C04F79EFBC}") = "Quiron.LojaVirtual.Dominio", "Quiron.LojaVirtual.Dominio\Quiron.LojaVirtual.Dominio.csproj", "{EDDC3EAA-6D12-419A-8300-ACB771350AED}"
EndProject
Project("{FAE04EC0-301F-11D3-BF4B-00C04F79EFBC}") = "Quiron.LojaVirtual.Web", "Quiron.LojaVirtual.Web\Quiron.LojaVirtual.Web.csproj", "{380B8645-975F-4DF0-A491-F63D8802AEC4}"
EndProject
Project("{FAE04EC0-301F-11D3-BF4B-00C04F79EFBC}") = "Quiron.LojaVirtual.UnitTest", "Quiron.LojaVirtual.UnitTest\Quiron.LojaVirtual.UnitTest.csproj", "{5E6AD30F-72C6-4A24-8CA1-97A52DCC6148}"
EndProject
Global
	GlobalSection(SolutionConfigurationPlatforms) = preSolution
		Debug|Any CPU = Debug|Any CPU
		Release|Any CPU = Release|Any CPU
	EndGlobalSection
	GlobalSection(ProjectConfigurationPlatforms) = postSolution
		{EDDC3EAA-6D12-419A-8300-ACB771350AED}.Debug|Any CPU.ActiveCfg = Debug|Any CPU
		{EDDC3EAA-6D12-419A-8300-ACB771350AED}.Debug|Any CPU.Build.0 = Debug|Any CPU
		{EDDC3EAA-6D12-419A-8300-ACB771350AED}.Release|Any CPU.ActiveCfg = Release|Any CPU
		{EDDC3EAA-6D12-419A-8300-ACB771350AED}.Release|Any CPU.Build.0 = Release|Any CPU
		{380B8645-975F-4DF0-A491-F63D8802AEC4}.Debug|Any CPU.ActiveCfg = Debug|Any CPU
		{380B8645-975F-4DF0-A491-F63D8802AEC4}.Debug|Any CPU.Build.0 = Debug|Any CPU
		{380B8645-975F-4DF0-A491-F63D8802AEC4}.Release|Any CPU.ActiveCfg = Release|Any CPU
		{380B8645-975F-4DF0-A491-F63D8802AEC4}.Release|Any CPU.Build.0 = Release|Any CPU
		{5E6AD30F-72C6-4A24-8CA1-97A52DCC6148}.Debug|Any CPU.ActiveCfg = Debug|Any CPU
		{5E6AD30F-72C6-4A24-8CA1-97A52DCC6148}.Debug|Any CPU.Build.0 = Debug|Any CPU
		{5E6AD30F-72C6-4A24-8CA1-97A52DCC6148}.Release|Any CPU.ActiveCfg = Release|Any CPU
		{5E6AD30F-72C6-4A24-8CA1-97A52DCC6148}.Release|Any CPU.Build.0 = Release|Any CPU
	EndGlobalSection
	GlobalSection(SolutionProperties) = preSolution
		HideSolutionNode = FALSE
	EndGlobalSection
EndGlobal
